
Microsoft Visual Studio Solution File, Format Version 12.00
# Visual Studio 14
VisualStudioVersion = 14.0.25420.1
MinimumVisualStudioVersion = 10.0.40219.1
Project("{FAE04EC0-301F-11D3-BF4B-00C04F79EFBC}") = "WebServiceMock", "WebServiceMock\WebServiceMock.csproj", "{5D720B69-2B9A-449D-8F48-D69C1CFAA31C}"
EndProject
Project("{FAE04EC0-301F-11D3-BF4B-00C04F79EFBC}") = "Tests.WebServiceMock", "Tests.WebServiceMock\Tests.WebServiceMock.csproj", "{4CC4E114-40CD-4499-B108-05BB132471D1}"
EndProject
Project("{FAE04EC0-301F-11D3-BF4B-00C04F79EFBC}") = "WebServiceMock.Core", "WebServiceMock.Core\WebServiceMock.Core.csproj", "{B7A5E52C-A0F6-486A-BE79-350314D64D14}"
EndProject
Project("{FAE04EC0-301F-11D3-BF4B-00C04F79EFBC}") = "WebServiceMock.Api", "WebServiceMock.Api\WebServiceMock.Api.csproj", "{21C72391-8436-4654-96E9-7B0271854137}"
EndProject
Project("{FAE04EC0-301F-11D3-BF4B-00C04F79EFBC}") = "Tests.Integration.WebServiceMock", "Tests.Integration.WebServiceMock\Tests.Integration.WebServiceMock.csproj", "{E2A90E61-B1DF-40B6-8C4A-647D13508544}"
EndProject
Project("{FAE04EC0-301F-11D3-BF4B-00C04F79EFBC}") = "WebServiceMock.Service", "WebServiceMock.Service\WebServiceMock.Service.csproj", "{15D34ED2-9D6A-477A-98D8-D70048DFE621}"
EndProject
Project("{FAE04EC0-301F-11D3-BF4B-00C04F79EFBC}") = "WebServiceMock.Web", "WebServiceMock.Web\WebServiceMock.Web.csproj", "{822C30E8-DE5A-46C5-BF6E-BFCB58DEBBD4}"
EndProject
Project("{FAE04EC0-301F-11D3-BF4B-00C04F79EFBC}") = "Tests.Integration.WebServiceMock.Api", "Tests.Integration.WebServiceMock.Api\Tests.Integration.WebServiceMock.Api.csproj", "{244FE1A2-D81A-4902-BA8F-6A9AE0394DB5}"
EndProject
Global
	GlobalSection(SolutionConfigurationPlatforms) = preSolution
		Debug|Any CPU = Debug|Any CPU
		Release|Any CPU = Release|Any CPU
	EndGlobalSection
	GlobalSection(ProjectConfigurationPlatforms) = postSolution
		{5D720B69-2B9A-449D-8F48-D69C1CFAA31C}.Debug|Any CPU.ActiveCfg = Debug|Any CPU
		{5D720B69-2B9A-449D-8F48-D69C1CFAA31C}.Debug|Any CPU.Build.0 = Debug|Any CPU
		{5D720B69-2B9A-449D-8F48-D69C1CFAA31C}.Release|Any CPU.ActiveCfg = Release|Any CPU
		{5D720B69-2B9A-449D-8F48-D69C1CFAA31C}.Release|Any CPU.Build.0 = Release|Any CPU
		{4CC4E114-40CD-4499-B108-05BB132471D1}.Debug|Any CPU.ActiveCfg = Debug|Any CPU
		{4CC4E114-40CD-4499-B108-05BB132471D1}.Debug|Any CPU.Build.0 = Debug|Any CPU
		{4CC4E114-40CD-4499-B108-05BB132471D1}.Release|Any CPU.ActiveCfg = Release|Any CPU
		{4CC4E114-40CD-4499-B108-05BB132471D1}.Release|Any CPU.Build.0 = Release|Any CPU
		{B7A5E52C-A0F6-486A-BE79-350314D64D14}.Debug|Any CPU.ActiveCfg = Debug|Any CPU
		{B7A5E52C-A0F6-486A-BE79-350314D64D14}.Debug|Any CPU.Build.0 = Debug|Any CPU
		{B7A5E52C-A0F6-486A-BE79-350314D64D14}.Release|Any CPU.ActiveCfg = Release|Any CPU
		{B7A5E52C-A0F6-486A-BE79-350314D64D14}.Release|Any CPU.Build.0 = Release|Any CPU
		{21C72391-8436-4654-96E9-7B0271854137}.Debug|Any CPU.ActiveCfg = Debug|Any CPU
		{21C72391-8436-4654-96E9-7B0271854137}.Debug|Any CPU.Build.0 = Debug|Any CPU
		{21C72391-8436-4654-96E9-7B0271854137}.Release|Any CPU.ActiveCfg = Release|Any CPU
		{21C72391-8436-4654-96E9-7B0271854137}.Release|Any CPU.Build.0 = Release|Any CPU
		{E2A90E61-B1DF-40B6-8C4A-647D13508544}.Debug|Any CPU.ActiveCfg = Debug|Any CPU
		{E2A90E61-B1DF-40B6-8C4A-647D13508544}.Debug|Any CPU.Build.0 = Debug|Any CPU
		{E2A90E61-B1DF-40B6-8C4A-647D13508544}.Release|Any CPU.ActiveCfg = Release|Any CPU
		{E2A90E61-B1DF-40B6-8C4A-647D13508544}.Release|Any CPU.Build.0 = Release|Any CPU
		{15D34ED2-9D6A-477A-98D8-D70048DFE621}.Debug|Any CPU.ActiveCfg = Debug|Any CPU
		{15D34ED2-9D6A-477A-98D8-D70048DFE621}.Debug|Any CPU.Build.0 = Debug|Any CPU
		{15D34ED2-9D6A-477A-98D8-D70048DFE621}.Release|Any CPU.ActiveCfg = Release|Any CPU
		{15D34ED2-9D6A-477A-98D8-D70048DFE621}.Release|Any CPU.Build.0 = Release|Any CPU
		{822C30E8-DE5A-46C5-BF6E-BFCB58DEBBD4}.Debug|Any CPU.ActiveCfg = Debug|Any CPU
		{822C30E8-DE5A-46C5-BF6E-BFCB58DEBBD4}.Debug|Any CPU.Build.0 = Debug|Any CPU
		{822C30E8-DE5A-46C5-BF6E-BFCB58DEBBD4}.Release|Any CPU.ActiveCfg = Release|Any CPU
		{822C30E8-DE5A-46C5-BF6E-BFCB58DEBBD4}.Release|Any CPU.Build.0 = Release|Any CPU
		{244FE1A2-D81A-4902-BA8F-6A9AE0394DB5}.Debug|Any CPU.ActiveCfg = Debug|Any CPU
		{244FE1A2-D81A-4902-BA8F-6A9AE0394DB5}.Debug|Any CPU.Build.0 = Debug|Any CPU
		{244FE1A2-D81A-4902-BA8F-6A9AE0394DB5}.Release|Any CPU.ActiveCfg = Release|Any CPU
		{244FE1A2-D81A-4902-BA8F-6A9AE0394DB5}.Release|Any CPU.Build.0 = Release|Any CPU
	EndGlobalSection
	GlobalSection(SolutionProperties) = preSolution
		HideSolutionNode = FALSE
	EndGlobalSection
EndGlobal
