
Microsoft Visual Studio Solution File, Format Version 12.00
# Visual Studio 14
VisualStudioVersion = 14.0.25420.1
MinimumVisualStudioVersion = 10.0.40219.1
Project("{FAE04EC0-301F-11D3-BF4B-00C04F79EFBC}") = "WebServiceMock", "WebServiceMock\WebServiceMock.csproj", "{5D720B69-2B9A-449D-8F48-D69C1CFAA31C}"
EndProject
Project("{FAE04EC0-301F-11D3-BF4B-00C04F79EFBC}") = "Tests.WebServiceMock", "Tests.WebServiceMock\Tests.WebServiceMock.csproj", "{4CC4E114-40CD-4499-B108-05BB132471D1}"
EndProject
Project("{FAE04EC0-301F-11D3-BF4B-00C04F79EFBC}") = "WebServiceMock.Core", "WebServiceMock.Core\WebServiceMock.Core.csproj", "{B7A5E52C-A0F6-486A-BE79-350314D64D14}"
EndProject
Global
	GlobalSection(SolutionConfigurationPlatforms) = preSolution
		Debug|Any CPU = Debug|Any CPU
		Release|Any CPU = Release|Any CPU
	EndGlobalSection
	GlobalSection(ProjectConfigurationPlatforms) = postSolution
		{5D720B69-2B9A-449D-8F48-D69C1CFAA31C}.Debug|Any CPU.ActiveCfg = Debug|Any CPU
		{5D720B69-2B9A-449D-8F48-D69C1CFAA31C}.Debug|Any CPU.Build.0 = Debug|Any CPU
		{5D720B69-2B9A-449D-8F48-D69C1CFAA31C}.Release|Any CPU.ActiveCfg = Release|Any CPU
		{5D720B69-2B9A-449D-8F48-D69C1CFAA31C}.Release|Any CPU.Build.0 = Release|Any CPU
		{4CC4E114-40CD-4499-B108-05BB132471D1}.Debug|Any CPU.ActiveCfg = Debug|Any CPU
		{4CC4E114-40CD-4499-B108-05BB132471D1}.Debug|Any CPU.Build.0 = Debug|Any CPU
		{4CC4E114-40CD-4499-B108-05BB132471D1}.Release|Any CPU.ActiveCfg = Release|Any CPU
		{4CC4E114-40CD-4499-B108-05BB132471D1}.Release|Any CPU.Build.0 = Release|Any CPU
		{B7A5E52C-A0F6-486A-BE79-350314D64D14}.Debug|Any CPU.ActiveCfg = Debug|Any CPU
		{B7A5E52C-A0F6-486A-BE79-350314D64D14}.Debug|Any CPU.Build.0 = Debug|Any CPU
		{B7A5E52C-A0F6-486A-BE79-350314D64D14}.Release|Any CPU.ActiveCfg = Release|Any CPU
		{B7A5E52C-A0F6-486A-BE79-350314D64D14}.Release|Any CPU.Build.0 = Release|Any CPU
	EndGlobalSection
	GlobalSection(SolutionProperties) = preSolution
		HideSolutionNode = FALSE
	EndGlobalSection
EndGlobal
